
Microsoft Visual Studio Solution File, Format Version 11.00
# Visual C# Express 2010
Project("{FAE04EC0-301F-11D3-BF4B-00C04F79EFBC}") = "CG", "CG\CG.csproj", "{0776A90D-F5BE-443F-85AD-6BA56B20F061}"
EndProject
Global
	GlobalSection(SolutionConfigurationPlatforms) = preSolution
		Debug|Any CPU = Debug|Any CPU
		Release|Any CPU = Release|Any CPU
	EndGlobalSection
	GlobalSection(ProjectConfigurationPlatforms) = postSolution
		{0776A90D-F5BE-443F-85AD-6BA56B20F061}.Debug|Any CPU.ActiveCfg = Debug|Any CPU
		{0776A90D-F5BE-443F-85AD-6BA56B20F061}.Debug|Any CPU.Build.0 = Debug|Any CPU
		{0776A90D-F5BE-443F-85AD-6BA56B20F061}.Release|Any CPU.ActiveCfg = Release|Any CPU
		{0776A90D-F5BE-443F-85AD-6BA56B20F061}.Release|Any CPU.Build.0 = Release|Any CPU
	EndGlobalSection
	GlobalSection(SolutionProperties) = preSolution
		HideSolutionNode = FALSE
	EndGlobalSection
EndGlobal
